
Microsoft Visual Studio Solution File, Format Version 12.00
# Visual Studio Version 17
VisualStudioVersion = 17.4.33103.184
MinimumVisualStudioVersion = 10.0.40219.1
Project("{FAE04EC0-301F-11D3-BF4B-00C04F79EFBC}") = "TableBot", "TableBot\TableBot.csproj", "{886542F0-157B-4C37-B122-49BC0DA8CEDA}"
EndProject
Global
	GlobalSection(SolutionConfigurationPlatforms) = preSolution
		Debug|Any CPU = Debug|Any CPU
		Release|Any CPU = Release|Any CPU
	EndGlobalSection
	GlobalSection(ProjectConfigurationPlatforms) = postSolution
		{886542F0-157B-4C37-B122-49BC0DA8CEDA}.Debug|Any CPU.ActiveCfg = Debug|Any CPU
		{886542F0-157B-4C37-B122-49BC0DA8CEDA}.Debug|Any CPU.Build.0 = Debug|Any CPU
		{886542F0-157B-4C37-B122-49BC0DA8CEDA}.Release|Any CPU.ActiveCfg = Release|Any CPU
		{886542F0-157B-4C37-B122-49BC0DA8CEDA}.Release|Any CPU.Build.0 = Release|Any CPU
	EndGlobalSection
	GlobalSection(SolutionProperties) = preSolution
		HideSolutionNode = FALSE
	EndGlobalSection
	GlobalSection(ExtensibilityGlobals) = postSolution
		SolutionGuid = {95E37DB4-C363-4EFF-BC6E-EFEB806BD1F1}
	EndGlobalSection
EndGlobal
